
Microsoft Visual Studio Solution File, Format Version 12.00
# Visual Studio Version 17
VisualStudioVersion = 17.11.35327.3
MinimumVisualStudioVersion = 10.0.40219.1
Project("{FAE04EC0-301F-11D3-BF4B-00C04F79EFBC}") = "Novus_ToDo", "Novus_ToDo.csproj", "{CD95439D-705A-4AFC-8F8B-750A60ECCDEC}"
EndProject
Global
	GlobalSection(SolutionConfigurationPlatforms) = preSolution
		Debug|Any CPU = Debug|Any CPU
		Release|Any CPU = Release|Any CPU
	EndGlobalSection
	GlobalSection(ProjectConfigurationPlatforms) = postSolution
		{CD95439D-705A-4AFC-8F8B-750A60ECCDEC}.Debug|Any CPU.ActiveCfg = Debug|Any CPU
		{CD95439D-705A-4AFC-8F8B-750A60ECCDEC}.Debug|Any CPU.Build.0 = Debug|Any CPU
		{CD95439D-705A-4AFC-8F8B-750A60ECCDEC}.Release|Any CPU.ActiveCfg = Release|Any CPU
		{CD95439D-705A-4AFC-8F8B-750A60ECCDEC}.Release|Any CPU.Build.0 = Release|Any CPU
	EndGlobalSection
	GlobalSection(SolutionProperties) = preSolution
		HideSolutionNode = FALSE
	EndGlobalSection
	GlobalSection(ExtensibilityGlobals) = postSolution
		SolutionGuid = {31D1B919-353C-4FE8-9285-7CBBD87B25DD}
	EndGlobalSection
EndGlobal
